<?xml version="1.0" encoding="utf-8"?>
<Project ToolsVersion="4.0" xmlns="http://schemas.microsoft.com/developer/msbuild/2003">
  <ItemGroup>
    <Filter Include="Source Files">
      <UniqueIdentifier>{4FC737F1-C7A5-4376-A066-2A32D752A2FF}</UniqueIdentifier>
      <Extensions>cpp;c;cc;cxx;def;odl;idl;hpj;bat;asm;asmx</Extensions>
    </Filter>
    <Filter Include="Header Files">
      <UniqueIdentifier>{93995380-89BD-4b04-88EB-625FBE52EBFB}</UniqueIdentifier>
      <Extensions>h;hh;hpp;hxx;hm;inl;inc;xsd</Extensions>
    </Filter>
    <Filter Include="Resource Files">
      <UniqueIdentifier>{67DA6AB6-F800-4c08-8B7A-83BB121AAD01}</UniqueIdentifier>
      <Extensions>rc;ico;cur;bmp;dlg;rc2;rct;bin;rgs;gif;jpg;jpeg;jpe;resx;tiff;tif;png;wav;mfcribbon-ms</Extensions>
    </Filter>
    <Filter Include="Source Files\Oculus">
      <UniqueIdentifier>{78072094-3796-4ef9-90a1-b8e05c051f45}</UniqueIdentifier>
    </Filter>
    <Filter Include="Header Files\Oculus">
      <UniqueIdentifier>{cd26e3ab-021c-4362-878b-c62a95d95f5f}</UniqueIdentifier>
    </Filter>
    <Filter Include="Header Files\Normal">
      <UniqueIdentifier>{b2a5ac91-10ea-4dbc-b117-c211a7d478b5}</UniqueIdentifier>
    </Filter>
    <Filter Include="Source Files\Normal">
      <UniqueIdentifier>{2ab3839f-6d8f-4cf4-9903-5147db4537b0}</UniqueIdentifier>
    </Filter>
  </ItemGroup>
  <ItemGroup>
    <ClCompile Include="Scene.cpp">
      <Filter>Source Files</Filter>
    </ClCompile>
    <ClCompile Include="Oculus.cpp">
      <Filter>Source Files\Oculus</Filter>
    </ClCompile>
    <ClCompile Include="OculusCamera.cpp">
      <Filter>Source Files\Oculus</Filter>
    </ClCompile>
    <ClCompile Include="OculusDisplay.cpp">
      <Filter>Source Files\Oculus</Filter>
    </ClCompile>
    <ClCompile Include="OculusRenderingTarget.cpp">
      <Filter>Source Files\Oculus</Filter>
    </ClCompile>
    <ClCompile Include="NormalCamera.cpp">
      <Filter>Source Files\Normal</Filter>
    </ClCompile>
    <ClCompile Include="NormalRenderingTarget.cpp">
      <Filter>Source Files\Normal</Filter>
    </ClCompile>
    <ClCompile Include="NormalDisplay.cpp">
      <Filter>Source Files\Normal</Filter>
    </ClCompile>
    <ClCompile Include="Engine.cpp">
      <Filter>Source Files</Filter>
    </ClCompile>
    <ClCompile Include="normalMain.cpp">
      <Filter>Source Files</Filter>
    </ClCompile>
    <ClCompile Include="oculusMain.cpp">
      <Filter>Source Files</Filter>
    </ClCompile>
    <ClCompile Include="LegoBrick.cpp">
      <Filter>Source Files</Filter>
    </ClCompile>
  </ItemGroup>
  <ItemGroup>
    <ClInclude Include="Scene.h">
      <Filter>Header Files</Filter>
    </ClInclude>
    <ClInclude Include="Oculus.h">
      <Filter>Header Files\Oculus</Filter>
    </ClInclude>
    <ClInclude Include="OculusCamera.h">
      <Filter>Header Files\Oculus</Filter>
    </ClInclude>
    <ClInclude Include="Camera.h">
      <Filter>Header Files</Filter>
    </ClInclude>
    <ClInclude Include="OculusDisplay.h">
      <Filter>Header Files\Oculus</Filter>
    </ClInclude>
    <ClInclude Include="Display.h">
      <Filter>Header Files</Filter>
    </ClInclude>
    <ClInclude Include="OculusRenderingTarget.h">
      <Filter>Header Files\Oculus</Filter>
    </ClInclude>
    <ClInclude Include="RenderingTarget.h">
      <Filter>Header Files</Filter>
    </ClInclude>
    <ClInclude Include="NormalCamera.h">
      <Filter>Header Files\Normal</Filter>
    </ClInclude>
    <ClInclude Include="NormalRenderingTarget.h">
      <Filter>Header Files\Normal</Filter>
    </ClInclude>
    <ClInclude Include="NormalDisplay.h">
      <Filter>Header Files\Normal</Filter>
    </ClInclude>
    <ClInclude Include="Engine.h">
      <Filter>Header Files</Filter>
    </ClInclude>
    <ClInclude Include="normalMain.h">
      <Filter>Header Files</Filter>
    </ClInclude>
    <ClInclude Include="LegoBrick.h">
      <Filter>Header Files</Filter>
    </ClInclude>
  </ItemGroup>
  <ItemGroup>
    <Text Include="vertexShader.txt">
      <Filter>Resource Files</Filter>
    </Text>
    <Text Include="framentShader.txt">
      <Filter>Resource Files</Filter>
    </Text>
  </ItemGroup>
</Project>